
Microsoft Visual Studio Solution File, Format Version 12.00
# Visual Studio Version 17
VisualStudioVersion = 17.4.33403.182
MinimumVisualStudioVersion = 10.0.40219.1
Project("{FAE04EC0-301F-11D3-BF4B-00C04F79EFBC}") = "JsonBasedLocalization.Web", "JsonBasedLocalization.Web\JsonBasedLocalization.Web.csproj", "{D23467DF-06F4-4F48-A75A-7305CF0088C6}"
EndProject
Global
	GlobalSection(SolutionConfigurationPlatforms) = preSolution
		Debug|Any CPU = Debug|Any CPU
		Release|Any CPU = Release|Any CPU
	EndGlobalSection
	GlobalSection(ProjectConfigurationPlatforms) = postSolution
		{D23467DF-06F4-4F48-A75A-7305CF0088C6}.Debug|Any CPU.ActiveCfg = Debug|Any CPU
		{D23467DF-06F4-4F48-A75A-7305CF0088C6}.Debug|Any CPU.Build.0 = Debug|Any CPU
		{D23467DF-06F4-4F48-A75A-7305CF0088C6}.Release|Any CPU.ActiveCfg = Release|Any CPU
		{D23467DF-06F4-4F48-A75A-7305CF0088C6}.Release|Any CPU.Build.0 = Release|Any CPU
	EndGlobalSection
	GlobalSection(SolutionProperties) = preSolution
		HideSolutionNode = FALSE
	EndGlobalSection
	GlobalSection(ExtensibilityGlobals) = postSolution
		SolutionGuid = {C9C0840F-A7A4-4C39-9967-CC2690BA374A}
	EndGlobalSection
EndGlobal
